Microsoft Visual Studio Solution File, Format Version 12.00
# Visual Studio 2012
Project("{FAE04EC0-301F-11D3-BF4B-00C04F79EFBC}") = "UnitTests", "UnitTests.csproj", "{8DBA46F4-77DC-4E93-BF7E-EB3D95BFF17E}"
EndProject
Project("{FAE04EC0-301F-11D3-BF4B-00C04F79EFBC}") = "Tests", "projects\Tests\Tests.csproj", "{91130A9A-CDA7-4EC2-A5A7-8848C7C8D22E}"
EndProject
Global
	GlobalSection(SolutionConfigurationPlatforms) = preSolution
	Debug|Any CPU = Debug|Any CPU
	ExportDebug|Any CPU = ExportDebug|Any CPU
	ExportRelease|Any CPU = ExportRelease|Any CPU
	EndGlobalSection
	GlobalSection(ProjectConfigurationPlatforms) = postSolution
		{8DBA46F4-77DC-4E93-BF7E-EB3D95BFF17E}.Debug|Any CPU.ActiveCfg = Debug|Any CPU
		{8DBA46F4-77DC-4E93-BF7E-EB3D95BFF17E}.Debug|Any CPU.Build.0 = Debug|Any CPU
		{8DBA46F4-77DC-4E93-BF7E-EB3D95BFF17E}.ExportDebug|Any CPU.ActiveCfg = ExportDebug|Any CPU
		{8DBA46F4-77DC-4E93-BF7E-EB3D95BFF17E}.ExportDebug|Any CPU.Build.0 = ExportDebug|Any CPU
		{8DBA46F4-77DC-4E93-BF7E-EB3D95BFF17E}.ExportRelease|Any CPU.ActiveCfg = ExportRelease|Any CPU
		{8DBA46F4-77DC-4E93-BF7E-EB3D95BFF17E}.ExportRelease|Any CPU.Build.0 = ExportRelease|Any CPU
		{91130A9A-CDA7-4EC2-A5A7-8848C7C8D22E}.Debug|Any CPU.ActiveCfg = Debug|Any CPU
		{91130A9A-CDA7-4EC2-A5A7-8848C7C8D22E}.Debug|Any CPU.Build.0 = Debug|Any CPU
		{91130A9A-CDA7-4EC2-A5A7-8848C7C8D22E}.ExportDebug|Any CPU.ActiveCfg = Debug|Any CPU
		{91130A9A-CDA7-4EC2-A5A7-8848C7C8D22E}.ExportDebug|Any CPU.Build.0 = Debug|Any CPU
		{91130A9A-CDA7-4EC2-A5A7-8848C7C8D22E}.ExportRelease|Any CPU.ActiveCfg = Debug|Any CPU
		{91130A9A-CDA7-4EC2-A5A7-8848C7C8D22E}.ExportRelease|Any CPU.Build.0 = Debug|Any CPU
	EndGlobalSection
EndGlobal
